// !$*UTF8*$!
{
	archiveVersion = 1;
	classes = {
	};
	objectVersion = 50;
	objects = {

/* Begin PBXBuildFile section */
		FAAB6929250F11CB00994660 /* heap_sort.c in Sources */ = {isa = PBXBuildFile; fileRef = FAAB6928250F11CB00994660 /* heap_sort.c */; };
		FAAB692C250F12E500994660 /* three_sum.c in Sources */ = {isa = PBXBuildFile; fileRef = FAAB692B250F12E500994660 /* three_sum.c */; };
		FAAB6931250F1B5200994660 /* three_sum2.c in Sources */ = {isa = PBXBuildFile; fileRef = FAAB6930250F1B5200994660 /* three_sum2.c */; };
		FAAB6933250F1C7200994660 /* int_to_roman.c in Sources */ = {isa = PBXBuildFile; fileRef = FAAB6932250F1C7200994660 /* int_to_roman.c */; };
		FAAB6935250F1CA500994660 /* roman_to_int.c in Sources */ = {isa = PBXBuildFile; fileRef = FAAB6934250F1CA500994660 /* roman_to_int.c */; };
		FAAB6937250F1CD400994660 /* longest_common_prefix.c in Sources */ = {isa = PBXBuildFile; fileRef = FAAB6936250F1CD400994660 /* longest_common_prefix.c */; };
		FAAB6939250F1DCE00994660 /* max_area.c in Sources */ = {isa = PBXBuildFile; fileRef = FAAB6938250F1DCE00994660 /* max_area.c */; };
		FAAB693B250F1E1700994660 /* is_palindrome.c in Sources */ = {isa = PBXBuildFile; fileRef = FAAB693A250F1E1700994660 /* is_palindrome.c */; };
		FAAB693E250F1F8E00994660 /* quick_sort.c in Sources */ = {isa = PBXBuildFile; fileRef = FAAB693D250F1F8E00994660 /* quick_sort.c */; };
/* End PBXBuildFile section */

/* Begin PBXCopyFilesBuildPhase section */
		FAAB6919250F119000994660 /* CopyFiles */ = {
			isa = PBXCopyFilesBuildPhase;
			buildActionMask = 2147483647;
			dstPath = /usr/share/man/man1/;
			dstSubfolderSpec = 0;
			files = (
			);
			runOnlyForDeploymentPostprocessing = 1;
		};
/* End PBXCopyFilesBuildPhase section */

/* Begin PBXFileReference section */
		FAAB691B250F119000994660 /* arithmetic */ = {isa = PBXFileReference; explicitFileType = "compiled.mach-o.executable"; includeInIndex = 0; path = arithmetic; sourceTree = BUILT_PRODUCTS_DIR; };
		FAAB6927250F11CB00994660 /* heap_sort.h */ = {isa = PBXFileReference; lastKnownFileType = sourcecode.c.h; path = heap_sort.h; sourceTree = "<group>"; };
		FAAB6928250F11CB00994660 /* heap_sort.c */ = {isa = PBXFileReference; lastKnownFileType = sourcecode.c.c; path = heap_sort.c; sourceTree = "<group>"; };
		FAAB692B250F12E500994660 /* three_sum.c */ = {isa = PBXFileReference; lastKnownFileType = sourcecode.c.c; path = three_sum.c; sourceTree = "<group>"; };
		FAAB6930250F1B5200994660 /* three_sum2.c */ = {isa = PBXFileReference; fileEncoding = 4; lastKnownFileType = sourcecode.c.c; path = three_sum2.c; sourceTree = "<group>"; };
		FAAB6932250F1C7200994660 /* int_to_roman.c */ = {isa = PBXFileReference; lastKnownFileType = sourcecode.c.c; path = int_to_roman.c; sourceTree = "<group>"; };
		FAAB6934250F1CA500994660 /* roman_to_int.c */ = {isa = PBXFileReference; lastKnownFileType = sourcecode.c.c; path = roman_to_int.c; sourceTree = "<group>"; };
		FAAB6936250F1CD400994660 /* longest_common_prefix.c */ = {isa = PBXFileReference; lastKnownFileType = sourcecode.c.c; path = longest_common_prefix.c; sourceTree = "<group>"; };
		FAAB6938250F1DCE00994660 /* max_area.c */ = {isa = PBXFileReference; lastKnownFileType = sourcecode.c.c; path = max_area.c; sourceTree = "<group>"; };
		FAAB693A250F1E1700994660 /* is_palindrome.c */ = {isa = PBXFileReference; lastKnownFileType = sourcecode.c.c; path = is_palindrome.c; sourceTree = "<group>"; };
		FAAB693C250F1F8E00994660 /* quick_sort.h */ = {isa = PBXFileReference; lastKnownFileType = sourcecode.c.h; path = quick_sort.h; sourceTree = "<group>"; };
		FAAB693D250F1F8E00994660 /* quick_sort.c */ = {isa = PBXFileReference; lastKnownFileType = sourcecode.c.c; path = quick_sort.c; sourceTree = "<group>"; };
/* End PBXFileReference section */

/* Begin PBXFrameworksBuildPhase section */
		FAAB6918250F119000994660 /* Frameworks */ = {
			isa = PBXFrameworksBuildPhase;
			buildActionMask = 2147483647;
			files = (
			);
			runOnlyForDeploymentPostprocessing = 0;
		};
/* End PBXFrameworksBuildPhase section */

/* Begin PBXGroup section */
		FAAB6912250F119000994660 = {
			isa = PBXGroup;
			children = (
				FAAB6926250F11BA00994660 /* utils */,
				FAAB6925250F11B300994660 /* leecode */,
				FAAB691C250F119000994660 /* Products */,
			);
			sourceTree = "<group>";
		};
		FAAB691C250F119000994660 /* Products */ = {
			isa = PBXGroup;
			children = (
				FAAB691B250F119000994660 /* arithmetic */,
			);
			name = Products;
			sourceTree = "<group>";
		};
		FAAB6925250F11B300994660 /* leecode */ = {
			isa = PBXGroup;
			children = (
				FAAB6930250F1B5200994660 /* three_sum2.c */,
				FAAB6938250F1DCE00994660 /* max_area.c */,
				FAAB692B250F12E500994660 /* three_sum.c */,
				FAAB6932250F1C7200994660 /* int_to_roman.c */,
				FAAB6934250F1CA500994660 /* roman_to_int.c */,
				FAAB6936250F1CD400994660 /* longest_common_prefix.c */,
				FAAB693A250F1E1700994660 /* is_palindrome.c */,
			);
			path = leecode;
			sourceTree = "<group>";
		};
		FAAB6926250F11BA00994660 /* utils */ = {
			isa = PBXGroup;
			children = (
				FAAB6927250F11CB00994660 /* heap_sort.h */,
				FAAB6928250F11CB00994660 /* heap_sort.c */,
				FAAB693C250F1F8E00994660 /* quick_sort.h */,
				FAAB693D250F1F8E00994660 /* quick_sort.c */,
			);
			path = utils;
			sourceTree = "<group>";
		};
/* End PBXGroup section */

/* Begin PBXNativeTarget section */
		FAAB691A250F119000994660 /* arithmetic */ = {
			isa = PBXNativeTarget;
			buildConfigurationList = FAAB6922250F119000994660 /* Build configuration list for PBXNativeTarget "arithmetic" */;
			buildPhases = (
				FAAB6917250F119000994660 /* Sources */,
				FAAB6918250F119000994660 /* Frameworks */,
				FAAB6919250F119000994660 /* CopyFiles */,
			);
			buildRules = (
			);
			dependencies = (
			);
			name = arithmetic;
			productName = arithmetic;
			productReference = FAAB691B250F119000994660 /* arithmetic */;
			productType = "com.apple.product-type.tool";
		};
/* End PBXNativeTarget section */

/* Begin PBXProject section */
		FAAB6913250F119000994660 /* Project object */ = {
			isa = PBXProject;
			attributes = {
				LastUpgradeCheck = 1170;
				ORGANIZATIONNAME = alex;
				TargetAttributes = {
					FAAB691A250F119000994660 = {
						CreatedOnToolsVersion = 11.7;
					};
				};
			};
			buildConfigurationList = FAAB6916250F119000994660 /* Build configuration list for PBXProject "arithmetic" */;
			compatibilityVersion = "Xcode 9.3";
			developmentRegion = en;
			hasScannedForEncodings = 0;
			knownRegions = (
				en,
				Base,
			);
			mainGroup = FAAB6912250F119000994660;
			productRefGroup = FAAB691C250F119000994660 /* Products */;
			projectDirPath = "";
			projectRoot = "";
			targets = (
				FAAB691A250F119000994660 /* arithmetic */,
			);
		};
/* End PBXProject section */

/* Begin PBXSourcesBuildPhase section */
		FAAB6917250F119000994660 /* Sources */ = {
			isa = PBXSourcesBuildPhase;
			buildActionMask = 2147483647;
			files = (
				FAAB6933250F1C7200994660 /* int_to_roman.c in Sources */,
				FAAB693E250F1F8E00994660 /* quick_sort.c in Sources */,
				FAAB692C250F12E500994660 /* three_sum.c in Sources */,
				FAAB6935250F1CA500994660 /* roman_to_int.c in Sources */,
				FAAB6931250F1B5200994660 /* three_sum2.c in Sources */,
				FAAB6939250F1DCE00994660 /* max_area.c in Sources */,
				FAAB6929250F11CB00994660 /* heap_sort.c in Sources */,
				FAAB693B250F1E1700994660 /* is_palindrome.c in Sources */,
				FAAB6937250F1CD400994660 /* longest_common_prefix.c in Sources */,
			);
			runOnlyForDeploymentPostprocessing = 0;
		};
/* End PBXSourcesBuildPhase section */

/* Begin XCBuildConfiguration section */
		FAAB6920250F119000994660 /* Debug */ = {
			isa = XCBuildConfiguration;
			buildSettings = {
				ALWAYS_SEARCH_USER_PATHS = NO;
				CLANG_ANALYZER_NONNULL = YES;
				CLANG_ANALYZER_NUMBER_OBJECT_CONVERSION = YES_AGGRESSIVE;
				CLANG_CXX_LANGUAGE_STANDARD = "gnu++14";
				CLANG_CXX_LIBRARY = "libc++";
				CLANG_ENABLE_MODULES = YES;
				CLANG_ENABLE_OBJC_ARC = YES;
				CLANG_ENABLE_OBJC_WEAK = YES;
				CLANG_WARN_BLOCK_CAPTURE_AUTORELEASING = YES;
				CLANG_WARN_BOOL_CONVERSION = YES;
				CLANG_WARN_COMMA = YES;
				CLANG_WARN_CONSTANT_CONVERSION = YES;
				CLANG_WARN_DEPRECATED_OBJC_IMPLEMENTATIONS = YES;
				CLANG_WARN_DIRECT_OBJC_ISA_USAGE = YES_ERROR;
				CLANG_WARN_DOCUMENTATION_COMMENTS = YES;
				CLANG_WARN_EMPTY_BODY = YES;
				CLANG_WARN_ENUM_CONVERSION = YES;
				CLANG_WARN_INFINITE_RECURSION = YES;
				CLANG_WARN_INT_CONVERSION = YES;
				CLANG_WARN_NON_LITERAL_NULL_CONVERSION = YES;
				CLANG_WARN_OBJC_IMPLICIT_RETAIN_SELF = YES;
				CLANG_WARN_OBJC_LITERAL_CONVERSION = YES;
				CLANG_WARN_OBJC_ROOT_CLASS = YES_ERROR;
				CLANG_WARN_RANGE_LOOP_ANALYSIS = YES;
				CLANG_WARN_STRICT_PROTOTYPES = YES;
				CLANG_WARN_SUSPICIOUS_MOVE = YES;
				CLANG_WARN_UNGUARDED_AVAILABILITY = YES_AGGRESSIVE;
				CLANG_WARN_UNREACHABLE_CODE = YES;
				CLANG_WARN__DUPLICATE_METHOD_MATCH = YES;
				COPY_PHASE_STRIP = NO;
				DEBUG_INFORMATION_FORMAT = dwarf;
				ENABLE_STRICT_OBJC_MSGSEND = YES;
				ENABLE_TESTABILITY = YES;
				GCC_C_LANGUAGE_STANDARD = gnu11;
				GCC_DYNAMIC_NO_PIC = NO;
				GCC_NO_COMMON_BLOCKS = YES;
				GCC_OPTIMIZATION_LEVEL = 0;
				GCC_PREPROCESSOR_DEFINITIONS = (
					"DEBUG=1",
					"$(inherited)",
				);
				GCC_WARN_64_TO_32_BIT_CONVERSION = YES;
				GCC_WARN_ABOUT_RETURN_TYPE = YES_ERROR;
				GCC_WARN_UNDECLARED_SELECTOR = YES;
				GCC_WARN_UNINITIALIZED_AUTOS = YES_AGGRESSIVE;
				GCC_WARN_UNUSED_FUNCTION = YES;
				GCC_WARN_UNUSED_VARIABLE = YES;
				MACOSX_DEPLOYMENT_TARGET = 10.15;
				MTL_ENABLE_DEBUG_INFO = INCLUDE_SOURCE;
				MTL_FAST_MATH = YES;
				ONLY_ACTIVE_ARCH = YES;
				SDKROOT = macosx;
			};
			name = Debug;
		};
		FAAB6921250F119000994660 /* Release */ = {
			isa = XCBuildConfiguration;
			buildSettings = {
				ALWAYS_SEARCH_USER_PATHS = NO;
				CLANG_ANALYZER_NONNULL = YES;
				CLANG_ANALYZER_NUMBER_OBJECT_CONVERSION = YES_AGGRESSIVE;
				CLANG_CXX_LANGUAGE_STANDARD = "gnu++14";
				CLANG_CXX_LIBRARY = "libc++";
				CLANG_ENABLE_MODULES = YES;
				CLANG_ENABLE_OBJC_ARC = YES;
				CLANG_ENABLE_OBJC_WEAK = YES;
				CLANG_WARN_BLOCK_CAPTURE_AUTORELEASING = YES;
				CLANG_WARN_BOOL_CONVERSION = YES;
				CLANG_WARN_COMMA = YES;
				CLANG_WARN_CONSTANT_CONVERSION = YES;
				CLANG_WARN_DEPRECATED_OBJC_IMPLEMENTATIONS = YES;
				CLANG_WARN_DIRECT_OBJC_ISA_USAGE = YES_ERROR;
				CLANG_WARN_DOCUMENTATION_COMMENTS = YES;
				CLANG_WARN_EMPTY_BODY = YES;
				CLANG_WARN_ENUM_CONVERSION = YES;
				CLANG_WARN_INFINITE_RECURSION = YES;
				CLANG_WARN_INT_CONVERSION = YES;
				CLANG_WARN_NON_LITERAL_NULL_CONVERSION = YES;
				CLANG_WARN_OBJC_IMPLICIT_RETAIN_SELF = YES;
				CLANG_WARN_OBJC_LITERAL_CONVERSION = YES;
				CLANG_WARN_OBJC_ROOT_CLASS = YES_ERROR;
				CLANG_WARN_RANGE_LOOP_ANALYSIS = YES;
				CLANG_WARN_STRICT_PROTOTYPES = YES;
				CLANG_WARN_SUSPICIOUS_MOVE = YES;
				CLANG_WARN_UNGUARDED_AVAILABILITY = YES_AGGRESSIVE;
				CLANG_WARN_UNREACHABLE_CODE = YES;
				CLANG_WARN__DUPLICATE_METHOD_MATCH = YES;
				COPY_PHASE_STRIP = NO;
				DEBUG_INFORMATION_FORMAT = "dwarf-with-dsym";
				ENABLE_NS_ASSERTIONS = NO;
				ENABLE_STRICT_OBJC_MSGSEND = YES;
				GCC_C_LANGUAGE_STANDARD = gnu11;
				GCC_NO_COMMON_BLOCKS = YES;
				GCC_WARN_64_TO_32_BIT_CONVERSION = YES;
				GCC_WARN_ABOUT_RETURN_TYPE = YES_ERROR;
				GCC_WARN_UNDECLARED_SELECTOR = YES;
				GCC_WARN_UNINITIALIZED_AUTOS = YES_AGGRESSIVE;
				GCC_WARN_UNUSED_FUNCTION = YES;
				GCC_WARN_UNUSED_VARIABLE = YES;
				MACOSX_DEPLOYMENT_TARGET = 10.15;
				MTL_ENABLE_DEBUG_INFO = NO;
				MTL_FAST_MATH = YES;
				SDKROOT = macosx;
			};
			name = Release;
		};
		FAAB6923250F119000994660 /* Debug */ = {
			isa = XCBuildConfiguration;
			buildSettings = {
				CODE_SIGN_STYLE = Automatic;
				PRODUCT_NAME = "$(TARGET_NAME)";
			};
			name = Debug;
		};
		FAAB6924250F119000994660 /* Release */ = {
			isa = XCBuildConfiguration;
			buildSettings = {
				CODE_SIGN_STYLE = Automatic;
				PRODUCT_NAME = "$(TARGET_NAME)";
			};
			name = Release;
		};
/* End XCBuildConfiguration section */

/* Begin XCConfigurationList section */
		FAAB6916250F119000994660 /* Build configuration list for PBXProject "arithmetic" */ = {
			isa = XCConfigurationList;
			buildConfigurations = (
				FAAB6920250F119000994660 /* Debug */,
				FAAB6921250F119000994660 /* Release */,
			);
			defaultConfigurationIsVisible = 0;
			defaultConfigurationName = Release;
		};
		FAAB6922250F119000994660 /* Build configuration list for PBXNativeTarget "arithmetic" */ = {
			isa = XCConfigurationList;
			buildConfigurations = (
				FAAB6923250F119000994660 /* Debug */,
				FAAB6924250F119000994660 /* Release */,
			);
			defaultConfigurationIsVisible = 0;
			defaultConfigurationName = Release;
		};
/* End XCConfigurationList section */
	};
	rootObject = FAAB6913250F119000994660 /* Project object */;
}
